
Microsoft Visual Studio Solution File, Format Version 12.00
# Visual Studio Version 17
VisualStudioVersion = 17.10.35013.160
MinimumVisualStudioVersion = 10.0.40219.1
Project("{9A19103F-16F7-4668-BE54-9A1E7A4F7556}") = "Dictionary.BusinessLogic", "Dictionary.BusinessLogic\Dictionary.BusinessLogic.csproj", "{D812CF1E-6310-4098-911F-8C8E75BA834D}"
	ProjectSection(ProjectDependencies) = postProject
		{8F2F5DA2-A54E-4F10-87D3-FCA55AD88963} = {8F2F5DA2-A54E-4F10-87D3-FCA55AD88963}
	EndProjectSection
EndProject
Project("{9A19103F-16F7-4668-BE54-9A1E7A4F7556}") = "MoKrisMultilingualDictionary", "MoKrisMultilingualDictionary\MoKrisMultilingualDictionary.csproj", "{78EFCD03-7D51-43FB-87D2-7EC447A5A7C1}"
	ProjectSection(ProjectDependencies) = postProject
		{D812CF1E-6310-4098-911F-8C8E75BA834D} = {D812CF1E-6310-4098-911F-8C8E75BA834D}
	EndProjectSection
EndProject
Project("{9A19103F-16F7-4668-BE54-9A1E7A4F7556}") = "Dictionary.Data", "Dictionary.Data\Dictionary.Data.csproj", "{3D18A3CD-A9D2-4918-9239-F84F13B54CA5}"
EndProject
Project("{9A19103F-16F7-4668-BE54-9A1E7A4F7556}") = "Dictionary.Models", "Dictionary.Models\Dictionary.Models.csproj", "{BDE8720F-420A-44C8-86A7-1D09E66B0592}"
	ProjectSection(ProjectDependencies) = postProject
		{6F306CCF-7D4B-4CFE-875F-50A1C4D5B2FE} = {6F306CCF-7D4B-4CFE-875F-50A1C4D5B2FE}
	EndProjectSection
EndProject
Project("{2150E333-8FDC-42A3-9474-1A3956D46DE8}") = "Dictionary.Tests", "Dictionary.Tests", "{33E14B03-60D3-415D-9267-8A71DAA8AA3A}"
EndProject
Project("{9A19103F-16F7-4668-BE54-9A1E7A4F7556}") = "Dictionary.Tests.IntegrationTests.WebApi", "Dictionary.Tests.IntegrationTests.WebApi\Dictionary.Tests.IntegrationTests.WebApi.csproj", "{A9E9BF37-4DA1-40BA-BF28-AE27F1FA001F}"
EndProject
Project("{9A19103F-16F7-4668-BE54-9A1E7A4F7556}") = "Dictionary.Resources", "Dictionary.Resources\Dictionary.Resources.csproj", "{6F306CCF-7D4B-4CFE-875F-50A1C4D5B2FE}"
EndProject
Project("{9A19103F-16F7-4668-BE54-9A1E7A4F7556}") = "Dictionary.Tests.UnitTests", "Dictionary.Tests.UnitTests\Dictionary.Tests.UnitTests.csproj", "{3FD5B2DC-F92C-432E-89FB-2A879567B7B1}"
	ProjectSection(ProjectDependencies) = postProject
		{BDE8720F-420A-44C8-86A7-1D09E66B0592} = {BDE8720F-420A-44C8-86A7-1D09E66B0592}
		{D812CF1E-6310-4098-911F-8C8E75BA834D} = {D812CF1E-6310-4098-911F-8C8E75BA834D}
	EndProjectSection
EndProject
Project("{9A19103F-16F7-4668-BE54-9A1E7A4F7556}") = "Dictionary.Domain", "Dictionary.Domain\Dictionary.Domain.csproj", "{2CB12B66-0481-4231-BFA0-3A9B22DFDE88}"
EndProject
Project("{FAE04EC0-301F-11D3-BF4B-00C04F79EFBC}") = "Dictionary.BusinessLogic.Abstractions", "Dictionary.BusinessLogic.Abstractions\Dictionary.BusinessLogic.Abstractions.csproj", "{8F2F5DA2-A54E-4F10-87D3-FCA55AD88963}"
	ProjectSection(ProjectDependencies) = postProject
		{BDE8720F-420A-44C8-86A7-1D09E66B0592} = {BDE8720F-420A-44C8-86A7-1D09E66B0592}
	EndProjectSection
EndProject
Global
	GlobalSection(SolutionConfigurationPlatforms) = preSolution
		Debug|Any CPU = Debug|Any CPU
		Release|Any CPU = Release|Any CPU
	EndGlobalSection
	GlobalSection(ProjectConfigurationPlatforms) = postSolution
		{D812CF1E-6310-4098-911F-8C8E75BA834D}.Debug|Any CPU.ActiveCfg = Debug|Any CPU
		{D812CF1E-6310-4098-911F-8C8E75BA834D}.Debug|Any CPU.Build.0 = Debug|Any CPU
		{D812CF1E-6310-4098-911F-8C8E75BA834D}.Release|Any CPU.ActiveCfg = Release|Any CPU
		{D812CF1E-6310-4098-911F-8C8E75BA834D}.Release|Any CPU.Build.0 = Release|Any CPU
		{78EFCD03-7D51-43FB-87D2-7EC447A5A7C1}.Debug|Any CPU.ActiveCfg = Debug|Any CPU
		{78EFCD03-7D51-43FB-87D2-7EC447A5A7C1}.Debug|Any CPU.Build.0 = Debug|Any CPU
		{78EFCD03-7D51-43FB-87D2-7EC447A5A7C1}.Release|Any CPU.ActiveCfg = Release|Any CPU
		{78EFCD03-7D51-43FB-87D2-7EC447A5A7C1}.Release|Any CPU.Build.0 = Release|Any CPU
		{3D18A3CD-A9D2-4918-9239-F84F13B54CA5}.Debug|Any CPU.ActiveCfg = Debug|Any CPU
		{3D18A3CD-A9D2-4918-9239-F84F13B54CA5}.Debug|Any CPU.Build.0 = Debug|Any CPU
		{3D18A3CD-A9D2-4918-9239-F84F13B54CA5}.Release|Any CPU.ActiveCfg = Release|Any CPU
		{3D18A3CD-A9D2-4918-9239-F84F13B54CA5}.Release|Any CPU.Build.0 = Release|Any CPU
		{BDE8720F-420A-44C8-86A7-1D09E66B0592}.Debug|Any CPU.ActiveCfg = Debug|Any CPU
		{BDE8720F-420A-44C8-86A7-1D09E66B0592}.Debug|Any CPU.Build.0 = Debug|Any CPU
		{BDE8720F-420A-44C8-86A7-1D09E66B0592}.Release|Any CPU.ActiveCfg = Release|Any CPU
		{BDE8720F-420A-44C8-86A7-1D09E66B0592}.Release|Any CPU.Build.0 = Release|Any CPU
		{A9E9BF37-4DA1-40BA-BF28-AE27F1FA001F}.Debug|Any CPU.ActiveCfg = Debug|Any CPU
		{A9E9BF37-4DA1-40BA-BF28-AE27F1FA001F}.Debug|Any CPU.Build.0 = Debug|Any CPU
		{A9E9BF37-4DA1-40BA-BF28-AE27F1FA001F}.Release|Any CPU.ActiveCfg = Release|Any CPU
		{A9E9BF37-4DA1-40BA-BF28-AE27F1FA001F}.Release|Any CPU.Build.0 = Release|Any CPU
		{6F306CCF-7D4B-4CFE-875F-50A1C4D5B2FE}.Debug|Any CPU.ActiveCfg = Debug|Any CPU
		{6F306CCF-7D4B-4CFE-875F-50A1C4D5B2FE}.Debug|Any CPU.Build.0 = Debug|Any CPU
		{6F306CCF-7D4B-4CFE-875F-50A1C4D5B2FE}.Release|Any CPU.ActiveCfg = Release|Any CPU
		{6F306CCF-7D4B-4CFE-875F-50A1C4D5B2FE}.Release|Any CPU.Build.0 = Release|Any CPU
		{3FD5B2DC-F92C-432E-89FB-2A879567B7B1}.Debug|Any CPU.ActiveCfg = Debug|Any CPU
		{3FD5B2DC-F92C-432E-89FB-2A879567B7B1}.Debug|Any CPU.Build.0 = Debug|Any CPU
		{3FD5B2DC-F92C-432E-89FB-2A879567B7B1}.Release|Any CPU.ActiveCfg = Release|Any CPU
		{3FD5B2DC-F92C-432E-89FB-2A879567B7B1}.Release|Any CPU.Build.0 = Release|Any CPU
		{2CB12B66-0481-4231-BFA0-3A9B22DFDE88}.Debug|Any CPU.ActiveCfg = Debug|Any CPU
		{2CB12B66-0481-4231-BFA0-3A9B22DFDE88}.Debug|Any CPU.Build.0 = Debug|Any CPU
		{2CB12B66-0481-4231-BFA0-3A9B22DFDE88}.Release|Any CPU.ActiveCfg = Release|Any CPU
		{2CB12B66-0481-4231-BFA0-3A9B22DFDE88}.Release|Any CPU.Build.0 = Release|Any CPU
		{8F2F5DA2-A54E-4F10-87D3-FCA55AD88963}.Debug|Any CPU.ActiveCfg = Debug|Any CPU
		{8F2F5DA2-A54E-4F10-87D3-FCA55AD88963}.Debug|Any CPU.Build.0 = Debug|Any CPU
		{8F2F5DA2-A54E-4F10-87D3-FCA55AD88963}.Release|Any CPU.ActiveCfg = Release|Any CPU
		{8F2F5DA2-A54E-4F10-87D3-FCA55AD88963}.Release|Any CPU.Build.0 = Release|Any CPU
	EndGlobalSection
	GlobalSection(SolutionProperties) = preSolution
		HideSolutionNode = FALSE
	EndGlobalSection
	GlobalSection(NestedProjects) = preSolution
		{A9E9BF37-4DA1-40BA-BF28-AE27F1FA001F} = {33E14B03-60D3-415D-9267-8A71DAA8AA3A}
		{3FD5B2DC-F92C-432E-89FB-2A879567B7B1} = {33E14B03-60D3-415D-9267-8A71DAA8AA3A}
	EndGlobalSection
	GlobalSection(ExtensibilityGlobals) = postSolution
		SolutionGuid = {BCFB7EF8-F27B-4625-B65C-ECC84D30A230}
	EndGlobalSection
EndGlobal
